// !$*UTF8*$!
{
	archiveVersion = 1;
	classes = {
	};
	objectVersion = 46;
	objects = {

/* Begin PBXBuildFile section */
		181B1A881B18124D00E9BEA3 /* NSValue+Range.m in Sources */ = {isa = PBXBuildFile; fileRef = 181B1A871B18124D00E9BEA3 /* NSValue+Range.m */; };
		183D50771B13F8110041B180 /* main.m in Sources */ = {isa = PBXBuildFile; fileRef = 183D50761B13F8110041B180 /* main.m */; };
		183D507A1B13F8110041B180 /* AppDelegate.m in Sources */ = {isa = PBXBuildFile; fileRef = 183D50791B13F8110041B180 /* AppDelegate.m */; };
		183D507D1B13F8110041B180 /* ViewController.m in Sources */ = {isa = PBXBuildFile; fileRef = 183D507C1B13F8110041B180 /* ViewController.m */; };
		183D50801B13F8110041B180 /* Main.storyboard in Resources */ = {isa = PBXBuildFile; fileRef = 183D507E1B13F8110041B180 /* Main.storyboard */; };
		183D50821B13F8110041B180 /* Images.xcassets in Resources */ = {isa = PBXBuildFile; fileRef = 183D50811B13F8110041B180 /* Images.xcassets */; };
		183D50851B13F8110041B180 /* LaunchScreen.xib in Resources */ = {isa = PBXBuildFile; fileRef = 183D50831B13F8110041B180 /* LaunchScreen.xib */; };
		183D50911B13F8110041B180 /* TypesetTests.m in Sources */ = {isa = PBXBuildFile; fileRef = 183D50901B13F8110041B180 /* TypesetTests.m */; };
		183D50A21B13F8200041B180 /* NSString+Typeset.m in Sources */ = {isa = PBXBuildFile; fileRef = 183D509C1B13F8200041B180 /* NSString+Typeset.m */; };
		183D50A31B13F8200041B180 /* TypesetKit+Color.m in Sources */ = {isa = PBXBuildFile; fileRef = 183D509F1B13F8200041B180 /* TypesetKit+Color.m */; };
		183D50A41B13F8200041B180 /* TypesetKit.m in Sources */ = {isa = PBXBuildFile; fileRef = 183D50A11B13F8200041B180 /* TypesetKit.m */; };
		188212871B13FF3700322397 /* NSMutableAttributedString+Typeset.m in Sources */ = {isa = PBXBuildFile; fileRef = 188212861B13FF3700322397 /* NSMutableAttributedString+Typeset.m */; };
		7219A74B1CACCC0B00D53165 /* UILabel+Typeset.m in Sources */ = {isa = PBXBuildFile; fileRef = 7219A74A1CACCC0B00D53165 /* UILabel+Typeset.m */; };
		7219A7521CACD79F00D53165 /* LICENSE in Resources */ = {isa = PBXBuildFile; fileRef = 7219A74F1CACD79F00D53165 /* LICENSE */; };
		7219A7531CACD79F00D53165 /* README.md in Sources */ = {isa = PBXBuildFile; fileRef = 7219A7501CACD79F00D53165 /* README.md */; };
		7219A7541CACD79F00D53165 /* Typeset.podspec in Resources */ = {isa = PBXBuildFile; fileRef = 7219A7511CACD79F00D53165 /* Typeset.podspec */; };
		7219A7571CACDAD000D53165 /* UIFont+Weight.m in Sources */ = {isa = PBXBuildFile; fileRef = 7219A7561CACDAD000D53165 /* UIFont+Weight.m */; };
		724DBF141CC14433008C2C50 /* Typeset.h in Headers */ = {isa = PBXBuildFile; fileRef = 183D509D1B13F8200041B180 /* Typeset.h */; settings = {ATTRIBUTES = (Public, ); }; };
		724DBF151CC14433008C2C50 /* TypesetKit.h in Headers */ = {isa = PBXBuildFile; fileRef = 183D50A01B13F8200041B180 /* TypesetKit.h */; settings = {ATTRIBUTES = (Public, ); }; };
		724DBF161CC14433008C2C50 /* TypesetKit+Color.h in Headers */ = {isa = PBXBuildFile; fileRef = 183D509E1B13F8200041B180 /* TypesetKit+Color.h */; settings = {ATTRIBUTES = (Public, ); }; };
		724DBF171CC14433008C2C50 /* NSString+Typeset.h in Headers */ = {isa = PBXBuildFile; fileRef = 183D509B1B13F8200041B180 /* NSString+Typeset.h */; settings = {ATTRIBUTES = (Public, ); }; };
		724DBF181CC14433008C2C50 /* NSMutableAttributedString+Typeset.h in Headers */ = {isa = PBXBuildFile; fileRef = 188212851B13FF3700322397 /* NSMutableAttributedString+Typeset.h */; settings = {ATTRIBUTES = (Public, ); }; };
		724DBF191CC14433008C2C50 /* NSValue+Range.h in Headers */ = {isa = PBXBuildFile; fileRef = 181B1A861B18124D00E9BEA3 /* NSValue+Range.h */; };
		724DBF1A1CC14433008C2C50 /* UIFont+Weight.h in Headers */ = {isa = PBXBuildFile; fileRef = 7219A7551CACDAD000D53165 /* UIFont+Weight.h */; };
		724DBF1B1CC14433008C2C50 /* UILabel+Typeset.h in Headers */ = {isa = PBXBuildFile; fileRef = 7219A7491CACCC0B00D53165 /* UILabel+Typeset.h */; settings = {ATTRIBUTES = (Public, ); }; };
		724DBF1C1CC14433008C2C50 /* UITextField+Typeset.h in Headers */ = {isa = PBXBuildFile; fileRef = 7258DEFE1CB3618200C8762B /* UITextField+Typeset.h */; settings = {ATTRIBUTES = (Public, ); }; };
		7258DF001CB3618200C8762B /* UITextField+Typeset.m in Sources */ = {isa = PBXBuildFile; fileRef = 7258DEFF1CB3618200C8762B /* UITextField+Typeset.m */; };
/* End PBXBuildFile section */

/* Begin PBXContainerItemProxy section */
		183D508B1B13F8110041B180 /* PBXContainerItemProxy */ = {
			isa = PBXContainerItemProxy;
			containerPortal = 183D50691B13F8110041B180 /* Project object */;
			proxyType = 1;
			remoteGlobalIDString = 183D50701B13F8110041B180;
			remoteInfo = Typeset;
		};
/* End PBXContainerItemProxy section */

/* Begin PBXFileReference section */
		181B1A861B18124D00E9BEA3 /* NSValue+Range.h */ = {isa = PBXFileReference; fileEncoding = 4; lastKnownFileType = sourcecode.c.h; path = "NSValue+Range.h"; sourceTree = "<group>"; };
		181B1A871B18124D00E9BEA3 /* NSValue+Range.m */ = {isa = PBXFileReference; fileEncoding = 4; lastKnownFileType = sourcecode.c.objc; path = "NSValue+Range.m"; sourceTree = "<group>"; };
		183D50711B13F8110041B180 /* Typeset.app */ = {isa = PBXFileReference; explicitFileType = wrapper.application; includeInIndex = 0; path = Typeset.app; sourceTree = BUILT_PRODUCTS_DIR; };
		183D50751B13F8110041B180 /* Info.plist */ = {isa = PBXFileReference; lastKnownFileType = text.plist.xml; path = Info.plist; sourceTree = "<group>"; };
		183D50761B13F8110041B180 /* main.m */ = {isa = PBXFileReference; lastKnownFileType = sourcecode.c.objc; path = main.m; sourceTree = "<group>"; };
		183D50781B13F8110041B180 /* AppDelegate.h */ = {isa = PBXFileReference; lastKnownFileType = sourcecode.c.h; path = AppDelegate.h; sourceTree = "<group>"; };
		183D50791B13F8110041B180 /* AppDelegate.m */ = {isa = PBXFileReference; lastKnownFileType = sourcecode.c.objc; path = AppDelegate.m; sourceTree = "<group>"; };
		183D507B1B13F8110041B180 /* ViewController.h */ = {isa = PBXFileReference; lastKnownFileType = sourcecode.c.h; path = ViewController.h; sourceTree = "<group>"; };
		183D507C1B13F8110041B180 /* ViewController.m */ = {isa = PBXFileReference; lastKnownFileType = sourcecode.c.objc; path = ViewController.m; sourceTree = "<group>"; };
		183D507F1B13F8110041B180 /* Base */ = {isa = PBXFileReference; lastKnownFileType = file.storyboard; name = Base; path = Base.lproj/Main.storyboard; sourceTree = "<group>"; };
		183D50811B13F8110041B180 /* Images.xcassets */ = {isa = PBXFileReference; lastKnownFileType = folder.assetcatalog; path = Images.xcassets; sourceTree = "<group>"; };
		183D50841B13F8110041B180 /* Base */ = {isa = PBXFileReference; lastKnownFileType = file.xib; name = Base; path = Base.lproj/LaunchScreen.xib; sourceTree = "<group>"; };
		183D508A1B13F8110041B180 /* TypesetTests.xctest */ = {isa = PBXFileReference; explicitFileType = wrapper.cfbundle; includeInIndex = 0; path = TypesetTests.xctest; sourceTree = BUILT_PRODUCTS_DIR; };
		183D508F1B13F8110041B180 /* Info.plist */ = {isa = PBXFileReference; lastKnownFileType = text.plist.xml; path = Info.plist; sourceTree = "<group>"; };
		183D50901B13F8110041B180 /* TypesetTests.m */ = {isa = PBXFileReference; lastKnownFileType = sourcecode.c.objc; path = TypesetTests.m; sourceTree = "<group>"; };
		183D509B1B13F8200041B180 /* NSString+Typeset.h */ = {isa = PBXFileReference; fileEncoding = 4; lastKnownFileType = sourcecode.c.h; path = "NSString+Typeset.h"; sourceTree = "<group>"; };
		183D509C1B13F8200041B180 /* NSString+Typeset.m */ = {isa = PBXFileReference; fileEncoding = 4; lastKnownFileType = sourcecode.c.objc; path = "NSString+Typeset.m"; sourceTree = "<group>"; };
		183D509D1B13F8200041B180 /* Typeset.h */ = {isa = PBXFileReference; fileEncoding = 4; lastKnownFileType = sourcecode.c.h; path = Typeset.h; sourceTree = "<group>"; };
		183D509E1B13F8200041B180 /* TypesetKit+Color.h */ = {isa = PBXFileReference; fileEncoding = 4; lastKnownFileType = sourcecode.c.h; path = "TypesetKit+Color.h"; sourceTree = "<group>"; };
		183D509F1B13F8200041B180 /* TypesetKit+Color.m */ = {isa = PBXFileReference; fileEncoding = 4; lastKnownFileType = sourcecode.c.objc; path = "TypesetKit+Color.m"; sourceTree = "<group>"; };
		183D50A01B13F8200041B180 /* TypesetKit.h */ = {isa = PBXFileReference; fileEncoding = 4; lastKnownFileType = sourcecode.c.h; path = TypesetKit.h; sourceTree = "<group>"; };
		183D50A11B13F8200041B180 /* TypesetKit.m */ = {isa = PBXFileReference; fileEncoding = 4; lastKnownFileType = sourcecode.c.objc; path = TypesetKit.m; sourceTree = "<group>"; };
		188212851B13FF3700322397 /* NSMutableAttributedString+Typeset.h */ = {isa = PBXFileReference; fileEncoding = 4; lastKnownFileType = sourcecode.c.h; path = "NSMutableAttributedString+Typeset.h"; sourceTree = "<group>"; };
		188212861B13FF3700322397 /* NSMutableAttributedString+Typeset.m */ = {isa = PBXFileReference; fileEncoding = 4; lastKnownFileType = sourcecode.c.objc; path = "NSMutableAttributedString+Typeset.m"; sourceTree = "<group>"; };
		7219A7491CACCC0B00D53165 /* UILabel+Typeset.h */ = {isa = PBXFileReference; fileEncoding = 4; lastKnownFileType = sourcecode.c.h; path = "UILabel+Typeset.h"; sourceTree = "<group>"; };
		7219A74A1CACCC0B00D53165 /* UILabel+Typeset.m */ = {isa = PBXFileReference; fileEncoding = 4; lastKnownFileType = sourcecode.c.objc; path = "UILabel+Typeset.m"; sourceTree = "<group>"; };
		7219A74F1CACD79F00D53165 /* LICENSE */ = {isa = PBXFileReference; fileEncoding = 4; lastKnownFileType = text; path = LICENSE; sourceTree = "<group>"; };
		7219A7501CACD79F00D53165 /* README.md */ = {isa = PBXFileReference; fileEncoding = 4; lastKnownFileType = net.daringfireball.markdown; path = README.md; sourceTree = "<group>"; };
		7219A7511CACD79F00D53165 /* Typeset.podspec */ = {isa = PBXFileReference; fileEncoding = 4; lastKnownFileType = text; path = Typeset.podspec; sourceTree = "<group>"; };
		7219A7551CACDAD000D53165 /* UIFont+Weight.h */ = {isa = PBXFileReference; fileEncoding = 4; lastKnownFileType = sourcecode.c.h; path = "UIFont+Weight.h"; sourceTree = "<group>"; };
		7219A7561CACDAD000D53165 /* UIFont+Weight.m */ = {isa = PBXFileReference; fileEncoding = 4; lastKnownFileType = sourcecode.c.objc; path = "UIFont+Weight.m"; sourceTree = "<group>"; };
		7258DEFE1CB3618200C8762B /* UITextField+Typeset.h */ = {isa = PBXFileReference; fileEncoding = 4; lastKnownFileType = sourcecode.c.h; path = "UITextField+Typeset.h"; sourceTree = "<group>"; };
		7258DEFF1CB3618200C8762B /* UITextField+Typeset.m */ = {isa = PBXFileReference; fileEncoding = 4; lastKnownFileType = sourcecode.c.objc; path = "UITextField+Typeset.m"; sourceTree = "<group>"; };
/* End PBXFileReference section */

/* Begin PBXFrameworksBuildPhase section */
		183D506E1B13F8110041B180 /* Frameworks */ = {
			isa = PBXFrameworksBuildPhase;
			buildActionMask = 2147483647;
			files = (
			);
			runOnlyForDeploymentPostprocessing = 0;
		};
		183D50871B13F8110041B180 /* Frameworks */ = {
			isa = PBXFrameworksBuildPhase;
			buildActionMask = 2147483647;
			files = (
			);
			runOnlyForDeploymentPostprocessing = 0;
		};
/* End PBXFrameworksBuildPhase section */

/* Begin PBXGroup section */
		183D50681B13F8110041B180 = {
			isa = PBXGroup;
			children = (
				7219A74F1CACD79F00D53165 /* LICENSE */,
				7219A7501CACD79F00D53165 /* README.md */,
				7219A7511CACD79F00D53165 /* Typeset.podspec */,
				183D50731B13F8110041B180 /* Typeset */,
				183D508D1B13F8110041B180 /* TypesetTests */,
				183D50721B13F8110041B180 /* Products */,
			);
			sourceTree = "<group>";
		};
		183D50721B13F8110041B180 /* Products */ = {
			isa = PBXGroup;
			children = (
				183D50711B13F8110041B180 /* Typeset.app */,
				183D508A1B13F8110041B180 /* TypesetTests.xctest */,
			);
			name = Products;
			sourceTree = "<group>";
		};
		183D50731B13F8110041B180 /* Typeset */ = {
			isa = PBXGroup;
			children = (
				183D509A1B13F8200041B180 /* Classes */,
				183D50781B13F8110041B180 /* AppDelegate.h */,
				183D50791B13F8110041B180 /* AppDelegate.m */,
				183D507B1B13F8110041B180 /* ViewController.h */,
				183D507C1B13F8110041B180 /* ViewController.m */,
				183D507E1B13F8110041B180 /* Main.storyboard */,
				183D50811B13F8110041B180 /* Images.xcassets */,
				183D50831B13F8110041B180 /* LaunchScreen.xib */,
				183D50741B13F8110041B180 /* Supporting Files */,
			);
			path = Typeset;
			sourceTree = "<group>";
		};
		183D50741B13F8110041B180 /* Supporting Files */ = {
			isa = PBXGroup;
			children = (
				183D50751B13F8110041B180 /* Info.plist */,
				183D50761B13F8110041B180 /* main.m */,
			);
			name = "Supporting Files";
			sourceTree = "<group>";
		};
		183D508D1B13F8110041B180 /* TypesetTests */ = {
			isa = PBXGroup;
			children = (
				183D50901B13F8110041B180 /* TypesetTests.m */,
				183D508E1B13F8110041B180 /* Supporting Files */,
			);
			path = TypesetTests;
			sourceTree = "<group>";
		};
		183D508E1B13F8110041B180 /* Supporting Files */ = {
			isa = PBXGroup;
			children = (
				183D508F1B13F8110041B180 /* Info.plist */,
			);
			name = "Supporting Files";
			sourceTree = "<group>";
		};
		183D509A1B13F8200041B180 /* Classes */ = {
			isa = PBXGroup;
			children = (
				183D509D1B13F8200041B180 /* Typeset.h */,
				7219A74E1CACCD8400D53165 /* Core */,
				7219A74D1CACCD7300D53165 /* Categoty */,
				7219A74C1CACCC0F00D53165 /* UIKit */,
			);
			path = Classes;
			sourceTree = SOURCE_ROOT;
		};
		7219A74C1CACCC0F00D53165 /* UIKit */ = {
			isa = PBXGroup;
			children = (
				7219A7491CACCC0B00D53165 /* UILabel+Typeset.h */,
				7219A74A1CACCC0B00D53165 /* UILabel+Typeset.m */,
				7258DEFE1CB3618200C8762B /* UITextField+Typeset.h */,
				7258DEFF1CB3618200C8762B /* UITextField+Typeset.m */,
			);
			name = UIKit;
			sourceTree = "<group>";
		};
		7219A74D1CACCD7300D53165 /* Categoty */ = {
			isa = PBXGroup;
			children = (
				181B1A861B18124D00E9BEA3 /* NSValue+Range.h */,
				181B1A871B18124D00E9BEA3 /* NSValue+Range.m */,
				7219A7551CACDAD000D53165 /* UIFont+Weight.h */,
				7219A7561CACDAD000D53165 /* UIFont+Weight.m */,
			);
			name = Categoty;
			sourceTree = "<group>";
		};
		7219A74E1CACCD8400D53165 /* Core */ = {
			isa = PBXGroup;
			children = (
				183D50A01B13F8200041B180 /* TypesetKit.h */,
				183D50A11B13F8200041B180 /* TypesetKit.m */,
				183D509E1B13F8200041B180 /* TypesetKit+Color.h */,
				183D509F1B13F8200041B180 /* TypesetKit+Color.m */,
				183D509B1B13F8200041B180 /* NSString+Typeset.h */,
				183D509C1B13F8200041B180 /* NSString+Typeset.m */,
				188212851B13FF3700322397 /* NSMutableAttributedString+Typeset.h */,
				188212861B13FF3700322397 /* NSMutableAttributedString+Typeset.m */,
			);
			name = Core;
			sourceTree = "<group>";
		};
/* End PBXGroup section */

/* Begin PBXHeadersBuildPhase section */
		724DBF131CC1441F008C2C50 /* Headers */ = {
			isa = PBXHeadersBuildPhase;
			buildActionMask = 2147483647;
			files = (
				724DBF151CC14433008C2C50 /* TypesetKit.h in Headers */,
				724DBF181CC14433008C2C50 /* NSMutableAttributedString+Typeset.h in Headers */,
				724DBF171CC14433008C2C50 /* NSString+Typeset.h in Headers */,
				724DBF141CC14433008C2C50 /* Typeset.h in Headers */,
				724DBF1B1CC14433008C2C50 /* UILabel+Typeset.h in Headers */,
				724DBF161CC14433008C2C50 /* TypesetKit+Color.h in Headers */,
				724DBF1C1CC14433008C2C50 /* UITextField+Typeset.h in Headers */,
				724DBF191CC14433008C2C50 /* NSValue+Range.h in Headers */,
				724DBF1A1CC14433008C2C50 /* UIFont+Weight.h in Headers */,
			);
			runOnlyForDeploymentPostprocessing = 0;
		};
/* End PBXHeadersBuildPhase section */

/* Begin PBXNativeTarget section */
		183D50701B13F8110041B180 /* Typeset */ = {
			isa = PBXNativeTarget;
			buildConfigurationList = 183D50941B13F8110041B180 /* Build configuration list for PBXNativeTarget "Typeset" */;
			buildPhases = (
				183D506D1B13F8110041B180 /* Sources */,
				183D506E1B13F8110041B180 /* Frameworks */,
				183D506F1B13F8110041B180 /* Resources */,
				724DBF131CC1441F008C2C50 /* Headers */,
			);
			buildRules = (
			);
			dependencies = (
			);
			name = Typeset;
			productName = Typeset;
			productReference = 183D50711B13F8110041B180 /* Typeset.app */;
			productType = "com.apple.product-type.application";
		};
		183D50891B13F8110041B180 /* TypesetTests */ = {
			isa = PBXNativeTarget;
			buildConfigurationList = 183D50971B13F8110041B180 /* Build configuration list for PBXNativeTarget "TypesetTests" */;
			buildPhases = (
				183D50861B13F8110041B180 /* Sources */,
				183D50871B13F8110041B180 /* Frameworks */,
				183D50881B13F8110041B180 /* Resources */,
			);
			buildRules = (
			);
			dependencies = (
				183D508C1B13F8110041B180 /* PBXTargetDependency */,
			);
			name = TypesetTests;
			productName = TypesetTests;
			productReference = 183D508A1B13F8110041B180 /* TypesetTests.xctest */;
			productType = "com.apple.product-type.bundle.unit-test";
		};
/* End PBXNativeTarget section */

/* Begin PBXProject section */
		183D50691B13F8110041B180 /* Project object */ = {
			isa = PBXProject;
			attributes = {
				LastUpgradeCheck = 0710;
				ORGANIZATIONNAME = DeltaX;
				TargetAttributes = {
					183D50701B13F8110041B180 = {
						CreatedOnToolsVersion = 6.3;
					};
					183D50891B13F8110041B180 = {
						CreatedOnToolsVersion = 6.3;
						TestTargetID = 183D50701B13F8110041B180;
					};
				};
			};
			buildConfigurationList = 183D506C1B13F8110041B180 /* Build configuration list for PBXProject "Typeset" */;
			compatibilityVersion = "Xcode 3.2";
			developmentRegion = English;
			hasScannedForEncodings = 0;
			knownRegions = (
				en,
				Base,
			);
			mainGroup = 183D50681B13F8110041B180;
			productRefGroup = 183D50721B13F8110041B180 /* Products */;
			projectDirPath = "";
			projectRoot = "";
			targets = (
				183D50701B13F8110041B180 /* Typeset */,
				183D50891B13F8110041B180 /* TypesetTests */,
			);
		};
/* End PBXProject section */

/* Begin PBXResourcesBuildPhase section */
		183D506F1B13F8110041B180 /* Resources */ = {
			isa = PBXResourcesBuildPhase;
			buildActionMask = 2147483647;
			files = (
				183D50801B13F8110041B180 /* Main.storyboard in Resources */,
				7219A7541CACD79F00D53165 /* Typeset.podspec in Resources */,
				183D50851B13F8110041B180 /* LaunchScreen.xib in Resources */,
				7219A7521CACD79F00D53165 /* LICENSE in Resources */,
				183D50821B13F8110041B180 /* Images.xcassets in Resources */,
			);
			runOnlyForDeploymentPostprocessing = 0;
		};
		183D50881B13F8110041B180 /* Resources */ = {
			isa = PBXResourcesBuildPhase;
			buildActionMask = 2147483647;
			files = (
			);
			runOnlyForDeploymentPostprocessing = 0;
		};
/* End PBXResourcesBuildPhase section */

/* Begin PBXSourcesBuildPhase section */
		183D506D1B13F8110041B180 /* Sources */ = {
			isa = PBXSourcesBuildPhase;
			buildActionMask = 2147483647;
			files = (
				181B1A881B18124D00E9BEA3 /* NSValue+Range.m in Sources */,
				183D507D1B13F8110041B180 /* ViewController.m in Sources */,
				7219A7571CACDAD000D53165 /* UIFont+Weight.m in Sources */,
				7219A7531CACD79F00D53165 /* README.md in Sources */,
				183D50A41B13F8200041B180 /* TypesetKit.m in Sources */,
				183D507A1B13F8110041B180 /* AppDelegate.m in Sources */,
				183D50A31B13F8200041B180 /* TypesetKit+Color.m in Sources */,
				7219A74B1CACCC0B00D53165 /* UILabel+Typeset.m in Sources */,
				7258DF001CB3618200C8762B /* UITextField+Typeset.m in Sources */,
				188212871B13FF3700322397 /* NSMutableAttributedString+Typeset.m in Sources */,
				183D50A21B13F8200041B180 /* NSString+Typeset.m in Sources */,
				183D50771B13F8110041B180 /* main.m in Sources */,
			);
			runOnlyForDeploymentPostprocessing = 0;
		};
		183D50861B13F8110041B180 /* Sources */ = {
			isa = PBXSourcesBuildPhase;
			buildActionMask = 2147483647;
			files = (
				183D50911B13F8110041B180 /* TypesetTests.m in Sources */,
			);
			runOnlyForDeploymentPostprocessing = 0;
		};
/* End PBXSourcesBuildPhase section */

/* Begin PBXTargetDependency section */
		183D508C1B13F8110041B180 /* PBXTargetDependency */ = {
			isa = PBXTargetDependency;
			target = 183D50701B13F8110041B180 /* Typeset */;
			targetProxy = 183D508B1B13F8110041B180 /* PBXContainerItemProxy */;
		};
/* End PBXTargetDependency section */

/* Begin PBXVariantGroup section */
		183D507E1B13F8110041B180 /* Main.storyboard */ = {
			isa = PBXVariantGroup;
			children = (
				183D507F1B13F8110041B180 /* Base */,
			);
			name = Main.storyboard;
			sourceTree = "<group>";
		};
		183D50831B13F8110041B180 /* LaunchScreen.xib */ = {
			isa = PBXVariantGroup;
			children = (
				183D50841B13F8110041B180 /* Base */,
			);
			name = LaunchScreen.xib;
			sourceTree = "<group>";
		};
/* End PBXVariantGroup section */

/* Begin XCBuildConfiguration section */
		183D50921B13F8110041B180 /* Debug */ = {
			isa = XCBuildConfiguration;
			buildSettings = {
				ALWAYS_SEARCH_USER_PATHS = NO;
				CLANG_CXX_LANGUAGE_STANDARD = "gnu++0x";
				CLANG_CXX_LIBRARY = "libc++";
				CLANG_ENABLE_MODULES = YES;
				CLANG_ENABLE_OBJC_ARC = YES;
				CLANG_WARN_BOOL_CONVERSION = YES;
				CLANG_WARN_CONSTANT_CONVERSION = YES;
				CLANG_WARN_DIRECT_OBJC_ISA_USAGE = YES_ERROR;
				CLANG_WARN_EMPTY_BODY = YES;
				CLANG_WARN_ENUM_CONVERSION = YES;
				CLANG_WARN_INT_CONVERSION = YES;
				CLANG_WARN_OBJC_ROOT_CLASS = YES_ERROR;
				CLANG_WARN_UNREACHABLE_CODE = YES;
				CLANG_WARN__DUPLICATE_METHOD_MATCH = YES;
				"CODE_SIGN_IDENTITY[sdk=iphoneos*]" = "iPhone Developer";
				COPY_PHASE_STRIP = NO;
				DEBUG_INFORMATION_FORMAT = "dwarf-with-dsym";
				ENABLE_STRICT_OBJC_MSGSEND = YES;
				ENABLE_TESTABILITY = YES;
				GCC_C_LANGUAGE_STANDARD = gnu99;
				GCC_DYNAMIC_NO_PIC = NO;
				GCC_NO_COMMON_BLOCKS = YES;
				GCC_OPTIMIZATION_LEVEL = 0;
				GCC_PREPROCESSOR_DEFINITIONS = (
					"DEBUG=1",
					"$(inherited)",
				);
				GCC_SYMBOLS_PRIVATE_EXTERN = NO;
				GCC_WARN_64_TO_32_BIT_CONVERSION = YES;
				GCC_WARN_ABOUT_RETURN_TYPE = YES_ERROR;
				GCC_WARN_UNDECLARED_SELECTOR = YES;
				GCC_WARN_UNINITIALIZED_AUTOS = YES_AGGRESSIVE;
				GCC_WARN_UNUSED_FUNCTION = YES;
				GCC_WARN_UNUSED_VARIABLE = YES;
				IPHONEOS_DEPLOYMENT_TARGET = 8.3;
				MTL_ENABLE_DEBUG_INFO = YES;
				ONLY_ACTIVE_ARCH = YES;
				SDKROOT = iphoneos;
			};
			name = Debug;
		};
		183D50931B13F8110041B180 /* Release */ = {
			isa = XCBuildConfiguration;
			buildSettings = {
				ALWAYS_SEARCH_USER_PATHS = NO;
				CLANG_CXX_LANGUAGE_STANDARD = "gnu++0x";
				CLANG_CXX_LIBRARY = "libc++";
				CLANG_ENABLE_MODULES = YES;
				CLANG_ENABLE_OBJC_ARC = YES;
				CLANG_WARN_BOOL_CONVERSION = YES;
				CLANG_WARN_CONSTANT_CONVERSION = YES;
				CLANG_WARN_DIRECT_OBJC_ISA_USAGE = YES_ERROR;
				CLANG_WARN_EMPTY_BODY = YES;
				CLANG_WARN_ENUM_CONVERSION = YES;
				CLANG_WARN_INT_CONVERSION = YES;
				CLANG_WARN_OBJC_ROOT_CLASS = YES_ERROR;
				CLANG_WARN_UNREACHABLE_CODE = YES;
				CLANG_WARN__DUPLICATE_METHOD_MATCH = YES;
				"CODE_SIGN_IDENTITY[sdk=iphoneos*]" = "iPhone Developer";
				COPY_PHASE_STRIP = NO;
				DEBUG_INFORMATION_FORMAT = "dwarf-with-dsym";
				ENABLE_NS_ASSERTIONS = NO;
				ENABLE_STRICT_OBJC_MSGSEND = YES;
				GCC_C_LANGUAGE_STANDARD = gnu99;
				GCC_NO_COMMON_BLOCKS = YES;
				GCC_WARN_64_TO_32_BIT_CONVERSION = YES;
				GCC_WARN_ABOUT_RETURN_TYPE = YES_ERROR;
				GCC_WARN_UNDECLARED_SELECTOR = YES;
				GCC_WARN_UNINITIALIZED_AUTOS = YES_AGGRESSIVE;
				GCC_WARN_UNUSED_FUNCTION = YES;
				GCC_WARN_UNUSED_VARIABLE = YES;
				IPHONEOS_DEPLOYMENT_TARGET = 8.3;
				MTL_ENABLE_DEBUG_INFO = NO;
				SDKROOT = iphoneos;
				VALIDATE_PRODUCT = YES;
			};
			name = Release;
		};
		183D50951B13F8110041B180 /* Debug */ = {
			isa = XCBuildConfiguration;
			buildSettings = {
				ASSETCATALOG_COMPILER_APPICON_NAME = AppIcon;
				INFOPLIST_FILE = Typeset/Info.plist;
				IPHONEOS_DEPLOYMENT_TARGET = 7.0;
				LD_RUNPATH_SEARCH_PATHS = "$(inherited) @executable_path/Frameworks";
				PRODUCT_BUNDLE_IDENTIFIER = "com.draveness.$(PRODUCT_NAME:rfc1034identifier)";
				PRODUCT_NAME = "$(TARGET_NAME)";
			};
			name = Debug;
		};
		183D50961B13F8110041B180 /* Release */ = {
			isa = XCBuildConfiguration;
			buildSettings = {
				ASSETCATALOG_COMPILER_APPICON_NAME = AppIcon;
				INFOPLIST_FILE = Typeset/Info.plist;
				IPHONEOS_DEPLOYMENT_TARGET = 7.0;
				LD_RUNPATH_SEARCH_PATHS = "$(inherited) @executable_path/Frameworks";
				PRODUCT_BUNDLE_IDENTIFIER = "com.draveness.$(PRODUCT_NAME:rfc1034identifier)";
				PRODUCT_NAME = "$(TARGET_NAME)";
			};
			name = Release;
		};
		183D50981B13F8110041B180 /* Debug */ = {
			isa = XCBuildConfiguration;
			buildSettings = {
				BUNDLE_LOADER = "$(TEST_HOST)";
				FRAMEWORK_SEARCH_PATHS = (
					"$(SDKROOT)/Developer/Library/Frameworks",
					"$(inherited)",
				);
				GCC_PREPROCESSOR_DEFINITIONS = (
					"DEBUG=1",
					"$(inherited)",
				);
				INFOPLIST_FILE = TypesetTests/Info.plist;
				LD_RUNPATH_SEARCH_PATHS = "$(inherited) @executable_path/Frameworks @loader_path/Frameworks";
				PRODUCT_BUNDLE_IDENTIFIER = "com.draveness.$(PRODUCT_NAME:rfc1034identifier)";
				PRODUCT_NAME = "$(TARGET_NAME)";
				TEST_HOST = "$(BUILT_PRODUCTS_DIR)/Typeset.app/Typeset";
			};
			name = Debug;
		};
		183D50991B13F8110041B180 /* Release */ = {
			isa = XCBuildConfiguration;
			buildSettings = {
				BUNDLE_LOADER = "$(TEST_HOST)";
				FRAMEWORK_SEARCH_PATHS = (
					"$(SDKROOT)/Developer/Library/Frameworks",
					"$(inherited)",
				);
				INFOPLIST_FILE = TypesetTests/Info.plist;
				LD_RUNPATH_SEARCH_PATHS = "$(inherited) @executable_path/Frameworks @loader_path/Frameworks";
				PRODUCT_BUNDLE_IDENTIFIER = "com.draveness.$(PRODUCT_NAME:rfc1034identifier)";
				PRODUCT_NAME = "$(TARGET_NAME)";
				TEST_HOST = "$(BUILT_PRODUCTS_DIR)/Typeset.app/Typeset";
			};
			name = Release;
		};
/* End XCBuildConfiguration section */

/* Begin XCConfigurationList section */
		183D506C1B13F8110041B180 /* Build configuration list for PBXProject "Typeset" */ = {
			isa = XCConfigurationList;
			buildConfigurations = (
				183D50921B13F8110041B180 /* Debug */,
				183D50931B13F8110041B180 /* Release */,
			);
			defaultConfigurationIsVisible = 0;
			defaultConfigurationName = Release;
		};
		183D50941B13F8110041B180 /* Build configuration list for PBXNativeTarget "Typeset" */ = {
			isa = XCConfigurationList;
			buildConfigurations = (
				183D50951B13F8110041B180 /* Debug */,
				183D50961B13F8110041B180 /* Release */,
			);
			defaultConfigurationIsVisible = 0;
			defaultConfigurationName = Release;
		};
		183D50971B13F8110041B180 /* Build configuration list for PBXNativeTarget "TypesetTests" */ = {
			isa = XCConfigurationList;
			buildConfigurations = (
				183D50981B13F8110041B180 /* Debug */,
				183D50991B13F8110041B180 /* Release */,
			);
			defaultConfigurationIsVisible = 0;
			defaultConfigurationName = Release;
		};
/* End XCConfigurationList section */
	};
	rootObject = 183D50691B13F8110041B180 /* Project object */;
}
